
Microsoft Visual Studio Solution File, Format Version 12.00
# Visual Studio Version 17
VisualStudioVersion = 17.10.34928.147
MinimumVisualStudioVersion = 10.0.40219.1
Project("{FAE04EC0-301F-11D3-BF4B-00C04F79EFBC}") = "Smart-Cart-App", "Smart-Cart-App\Smart-Cart-App.csproj", "{4BD8B250-5F71-4FBC-9955-FC60BC9C8D66}"
EndProject
Global
	GlobalSection(SolutionConfigurationPlatforms) = preSolution
		Debug|Any CPU = Debug|Any CPU
		Release|Any CPU = Release|Any CPU
	EndGlobalSection
	GlobalSection(ProjectConfigurationPlatforms) = postSolution
		{4BD8B250-5F71-4FBC-9955-FC60BC9C8D66}.Debug|Any CPU.ActiveCfg = Debug|Any CPU
		{4BD8B250-5F71-4FBC-9955-FC60BC9C8D66}.Debug|Any CPU.Build.0 = Debug|Any CPU
		{4BD8B250-5F71-4FBC-9955-FC60BC9C8D66}.Release|Any CPU.ActiveCfg = Release|Any CPU
		{4BD8B250-5F71-4FBC-9955-FC60BC9C8D66}.Release|Any CPU.Build.0 = Release|Any CPU
	EndGlobalSection
	GlobalSection(SolutionProperties) = preSolution
		HideSolutionNode = FALSE
	EndGlobalSection
	GlobalSection(ExtensibilityGlobals) = postSolution
		SolutionGuid = {F4F2BEA1-4247-4897-A931-EB223D8F5AD2}
	EndGlobalSection
EndGlobal
